{
  "name": "@scalpal/vitals",
  "version": "0.1.0",
  "lockfileVersion": 3,
  "requires": true,
  "packages": {
    "": {
      "name": "@scalpal/vitals",
      "version": "0.1.0",
      "dependencies": {
        "@smartspectra/node-sdk": "^3.4.0"
      },
      "engines": {
        "node": ">=22"
      }
    },
    "node_modules/@protobufjs/aspromise": {
      "version": "1.1.2",
      "resolved": "https://registry.npmjs.org/@protobufjs/aspromise/-/aspromise-1.1.2.tgz",
      "integrity": "sha512-j+gKExEuLmKwvz3OgROXtrJ2UG2x8Ch2YZUxahh+s1F2HZ+wAceUNLkvy6zKCPVRkU++ZWQrdxsUeQXmcg4uoQ==",
      "license": "BSD-3-Clause"
    },
    "node_modules/@protobufjs/base64": {
      "version": "1.1.2",
      "resolved": "https://registry.npmjs.org/@protobufjs/base64/-/base64-1.1.2.tgz",
      "integrity": "sha512-AZkcAA5vnN/v4PDqKyMR5lx7hZttPDgClv83E//FMNhR2TMcLUhfRUBHCmSl0oi9zMgDDqRUJkSxO3wm85+XLg==",
      "license": "BSD-3-Clause"
    },
    "node_modules/@protobufjs/codegen": {
      "version": "2.0.5",
      "resolved": "https://registry.npmjs.org/@protobufjs/codegen/-/codegen-2.0.5.tgz",
      "integrity": "sha512-zgXFLzW3Ap33e6d0Wlj4MGIm6Ce8O89n/apUaGNB/jx+hw+ruWEp7EwGUshdLKVRCxZW12fp9r40E1mQrf/34g==",
      "license": "BSD-3-Clause"
    },
    "node_modules/@protobufjs/eventemitter": {
      "version": "1.1.1",
      "resolved": "https://registry.npmjs.org/@protobufjs/eventemitter/-/eventemitter-1.1.1.tgz",
      "integrity": "sha512-vW1GmwMZNnL+gMRaovlh9yZX74kc+TTU3FObkkurpMaRtBfLP3ldjS9KQWlwZgraRE0+dheEEoAxdzcJQ8eXZg==",
      "license": "BSD-3-Clause"
    },
    "node_modules/@protobufjs/fetch": {
      "version": "1.1.1",
      "resolved": "https://registry.npmjs.org/@protobufjs/fetch/-/fetch-1.1.1.tgz",
      "integrity": "sha512-GpptLrs57adMSuHi3VNj0mAF8dwh36LMaYF6XyJ6JMWlVsc+t42tm1HSEDmOs3A8fC9yyeisgLhsTVQokOZ0zw==",
      "license": "BSD-3-Clause",
      "dependencies": {
        "@protobufjs/aspromise": "^1.1.1"
      }
    },
    "node_modules/@protobufjs/float": {
      "version": "1.0.2",
      "resolved": "https://registry.npmjs.org/@protobufjs/float/-/float-1.0.2.tgz",
      "integrity": "sha512-Ddb+kVXlXst9d+R9PfTIxh1EdNkgoRe5tOX6t01f1lYWOvJnSPDBlG241QLzcyPdoNTsblLUdujGSE4RzrTZGQ==",
      "license": "BSD-3-Clause"
    },
    "node_modules/@protobufjs/path": {
      "version": "1.1.2",
      "resolved": "https://registry.npmjs.org/@protobufjs/path/-/path-1.1.2.tgz",
      "integrity": "sha512-6JOcJ5Tm08dOHAbdR3GrvP+yUUfkjG5ePsHYczMFLq3ZmMkAD98cDgcT2iA1lJ9NVwFd4tH/iSSoe44YWkltEA==",
      "license": "BSD-3-Clause"
    },
    "node_modules/@protobufjs/pool": {
      "version": "1.1.0",
      "resolved": "https://registry.npmjs.org/@protobufjs/pool/-/pool-1.1.0.tgz",
      "integrity": "sha512-0kELaGSIDBKvcgS4zkjz1PeddatrjYcmMWOlAuAPwAeccUrPHdUqo/J6LiymHHEiJT5NrF1UVwxY14f+fy4WQw==",
      "license": "BSD-3-Clause"
    },
    "node_modules/@protobufjs/utf8": {
      "version": "1.1.2",
      "resolved": "https://registry.npmjs.org/@protobufjs/utf8/-/utf8-1.1.2.tgz",
      "integrity": "sha512-b1UQwcEZ4yCnMCD8DAL1VlbvBJE9/IX4FTIp7BG1xYpf29SLazLSrqUkj4w7Y5y7cCVP6E5tcqqcI0xemPkHug==",
      "license": "BSD-3-Clause"
    },
    "node_modules/@smartspectra/node-sdk": {
      "version": "3.4.0",
      "resolved": "https://registry.npmjs.org/@smartspectra/node-sdk/-/node-sdk-3.4.0.tgz",
      "integrity": "sha512-gl4Nav+MHmzJQQju/uE+zMmwobr08SI9gOHBxPn7HJDAA4SgW7NCb2L5t1vFDdZc2varVCWGLEkP930jpHhD0g==",
      "license": "SEE LICENSE IN LICENSE",
      "dependencies": {
        "@smartspectra/node-sdk-darwin-arm64": "3.4.0",
        "@smartspectra/node-sdk-linux-arm64": "3.4.0",
        "@smartspectra/node-sdk-linux-x64": "3.4.0",
        "@smartspectra/node-sdk-win32-x64": "3.4.0",
        "koffi": "^2.10.0",
        "protobufjs": "^7.6.5"
      },
      "engines": {
        "node": ">=20.0.0"
      }
    },
    "node_modules/@smartspectra/node-sdk-darwin-arm64": {
      "version": "3.4.0",
      "resolved": "https://registry.npmjs.org/@smartspectra/node-sdk-darwin-arm64/-/node-sdk-darwin-arm64-3.4.0.tgz",
      "integrity": "sha512-135zhq19064xWxCRKFZr6XQShK0YU/1ws5rdSDSnkDOEP/oON/7IpHSXcjKWmtcNYktdUkXiy3Y+Xrj6IIECvQ==",
      "license": "SEE LICENSE IN LICENSE"
    },
    "node_modules/@smartspectra/node-sdk-linux-arm64": {
      "version": "3.4.0",
      "resolved": "https://registry.npmjs.org/@smartspectra/node-sdk-linux-arm64/-/node-sdk-linux-arm64-3.4.0.tgz",
      "integrity": "sha512-lT/GXlJZ8iXVnJQ4DNgu++SfrgcaBo5eIRo5uCuXW/JZmnNeRBl9W87R6Ko1+9kjmTRe9yqDNnh7QJrflYLQUQ==",
      "license": "SEE LICENSE IN LICENSE"
    },
    "node_modules/@smartspectra/node-sdk-linux-x64": {
      "version": "3.4.0",
      "resolved": "https://registry.npmjs.org/@smartspectra/node-sdk-linux-x64/-/node-sdk-linux-x64-3.4.0.tgz",
      "integrity": "sha512-perhh902URHQh3OWDydHGUDsn0T0KPAKEDU3+DmNoI1+XT/Ij+TX7iUhc5AxEjH2DlslSMqp7DJzRVAGToL0fw==",
      "license": "SEE LICENSE IN LICENSE"
    },
    "node_modules/@smartspectra/node-sdk-win32-x64": {
      "version": "3.4.0",
      "resolved": "https://registry.npmjs.org/@smartspectra/node-sdk-win32-x64/-/node-sdk-win32-x64-3.4.0.tgz",
      "integrity": "sha512-voqVGmEnnL0whzfh+zpTY7B3GChifeiRT976NpyuTLDMT7WBaszwfHBfeRKr4kQ16A9umdKAUPwhp6kLMJ4jWA==",
      "license": "SEE LICENSE IN LICENSE"
    },
    "node_modules/@types/node": {
      "version": "26.6.4",
      "resolved": "https://registry.npmjs.org/@types/node/-/node-26.6.4.tgz",
      "integrity": "sha512-ldVPDCzj7fsaGZrLB0NuHuTvJcsNasysBAqMolr/cgxrLd1xbqxIr3XJiPnHHJUCxj5sNF1vnRj9aWnrVh5Jcg==",
      "license": "MIT",
      "dependencies": {
        "undici-types": "~8.9.0"
      }
    },
    "node_modules/koffi": {
      "version": "2.16.3",
      "resolved": "https://registry.npmjs.org/koffi/-/koffi-2.16.3.tgz",
      "integrity": "sha512-E9y1AsgYGlaxMhcZzHr8y96QF2U5XzA12GGVAfbWqIubTwPNMXQarfBzePNXHe0xtIEtNd6ifAv3GAKYGUeBAQ==",
      "hasInstallScript": true,
      "license": "MIT",
      "funding": {
        "url": "https://liberapay.com/Koromix"
      }
    },
    "node_modules/long": {
      "version": "5.3.2",
      "resolved": "https://registry.npmjs.org/long/-/long-5.3.2.tgz",
      "integrity": "sha512-mNAgZ1GmyNhD7AuqnTG3/VQ26o760+ZYBPKjPvugO8+nLbYfX6TVpJPseBvopbdY+qpZ/lKUnmEc1LeZYS3QAA==",
      "license": "Apache-2.0"
    },
    "node_modules/protobufjs": {
      "version": "7.6.6",
      "resolved": "https://registry.npmjs.org/protobufjs/-/protobufjs-7.6.6.tgz",
      "integrity": "sha512-dYDWdjSl5RNb7SgPxGQcRU+GtvP7s2fpkrY0r432PcOIaZ0/rBcxEZnQN67iJhFuQiVw754JDoPruPCNdGsbjg==",
      "hasInstallScript": true,
      "license": "BSD-3-Clause",
      "dependencies": {
        "@protobufjs/aspromise": "^1.1.2",
        "@protobufjs/base64": "^1.1.2",
        "@protobufjs/codegen": "^2.0.5",
        "@protobufjs/eventemitter": "^1.1.1",
        "@protobufjs/fetch": "^1.1.1",
        "@protobufjs/float": "^1.0.2",
        "@protobufjs/path": "^1.1.2",
        "@protobufjs/pool": "^1.1.0",
        "@protobufjs/utf8": "^1.1.1",
        "@types/node": ">=13.7.0",
        "long": "^5.3.2"
      },
      "engines": {
        "node": ">=12.0.0"
      }
    },
    "node_modules/undici-types": {
      "version": "8.9.0",
      "resolved": "https://registry.npmjs.org/undici-types/-/undici-types-8.9.0.tgz",
      "integrity": "sha512-KTDyRTYX8sWmKXAikPHHSyc63CRPETMctyjKFupcC6OBLXT3xsN0e9aF7m+mIXutFWpUXuedtowG7iLOzp0kQg==",
      "license": "MIT"
    }
  }
}
